
Microsoft Visual Studio Solution File, Format Version 12.00
# Visual Studio Version 17
VisualStudioVersion = 17.11.35303.130
MinimumVisualStudioVersion = 10.0.40219.1
Project("{2150E333-8FDC-42A3-9474-1A3956D46DE8}") = "src", "src", "{6A077071-82D7-4753-92C4-F2AD21E46B71}"
EndProject
Project("{2150E333-8FDC-42A3-9474-1A3956D46DE8}") = "Framework", "Framework", "{A1200CA2-A0CE-4E65-882D-7EFAC47867D4}"
EndProject
Project("{2150E333-8FDC-42A3-9474-1A3956D46DE8}") = "Domain", "Domain", "{49EBF688-2EB9-4D9F-AC0C-4A9176593A0E}"
EndProject
Project("{9A19103F-16F7-4668-BE54-9A1E7A4F7556}") = "Framework.Domain.DependencyInjection", "src\Framework\Domain\Framework.Domain.DependencyInjection\Framework.Domain.DependencyInjection.csproj", "{4E70A57A-F776-423E-B847-8D7846860804}"
EndProject
Project("{2150E333-8FDC-42A3-9474-1A3956D46DE8}") = "Shared", "Shared", "{B7A2384C-3F58-4613-BECC-324523B30E7F}"
EndProject
Project("{9A19103F-16F7-4668-BE54-9A1E7A4F7556}") = "SharedProject", "src\Shared\SharedProject\SharedProject.csproj", "{0FCD7CB6-A39B-473D-911D-2383A55236EE}"
EndProject
Project("{9A19103F-16F7-4668-BE54-9A1E7A4F7556}") = "Framework.Domain.Abstraction", "src\Framework\Domain\Framework.Domain.Abstraction\Framework.Domain.Abstraction.csproj", "{F7423093-6983-4206-AA91-B8B259A04FF0}"
EndProject
Project("{9A19103F-16F7-4668-BE54-9A1E7A4F7556}") = "Framework.Domain.Shared", "src\Framework\Domain\Framework.Domain.Shared\Framework.Domain.Shared.csproj", "{56EEECAF-4255-465B-8771-5ADE5D73B474}"
EndProject
Project("{2150E333-8FDC-42A3-9474-1A3956D46DE8}") = "SolutionItems", "SolutionItems", "{9C1B96D6-65A0-44D1-8D00-5F92BA31CFE2}"
	ProjectSection(SolutionItems) = preProject
		BannedSymbols.txt = BannedSymbols.txt
		Directory.Build.props = Directory.Build.props
		Directory.Packages.props = Directory.Packages.props
	EndProjectSection
EndProject
Project("{2150E333-8FDC-42A3-9474-1A3956D46DE8}") = "Application", "Application", "{0C8A77B2-6714-4548-9884-1D9DB40AEE3C}"
EndProject
Project("{FAE04EC0-301F-11D3-BF4B-00C04F79EFBC}") = "Framework.Application.DependencyInjection", "src\Framework\Application\Framework.Application.DependencyInjection\Framework.Application.DependencyInjection.csproj", "{494C942C-997C-4311-B3A5-3DD19D412551}"
EndProject
Project("{FAE04EC0-301F-11D3-BF4B-00C04F79EFBC}") = "Framework.Application.Shared", "src\Framework\Application\Framework.Application.Shared\Framework.Application.Shared.csproj", "{47ACBC06-3847-4DBA-9349-B29BBDF83DBC}"
EndProject
Project("{FAE04EC0-301F-11D3-BF4B-00C04F79EFBC}") = "Framework.Application.Abstraction", "src\Framework\Application\Framework.Application.Abstraction\Framework.Application.Abstraction.csproj", "{D93CD761-5C6A-47F9-A6D5-DC9B52740A57}"
EndProject
Project("{2150E333-8FDC-42A3-9474-1A3956D46DE8}") = "Infrastructure", "Infrastructure", "{A2AA8669-1C67-4804-A37A-7125D418353C}"
EndProject
Project("{2150E333-8FDC-42A3-9474-1A3956D46DE8}") = "Persistence", "Persistence", "{88B523B8-26CA-4704-BCC6-8E0E043A8665}"
EndProject
Project("{FAE04EC0-301F-11D3-BF4B-00C04F79EFBC}") = "Framework.Infrastructure.Shared", "src\Framework\Infrastructure\Framework.Infrastructure.Shared\Framework.Infrastructure.Shared.csproj", "{D0CCE9AD-F77E-45A3-928B-A55B815E853E}"
EndProject
Project("{FAE04EC0-301F-11D3-BF4B-00C04F79EFBC}") = "Framework.Persistence.DependencyInjection", "src\Framework\Infrastructure\Persistence\Framework.Persistence.DependencyInjection\Framework.Persistence.DependencyInjection.csproj", "{DDC57E99-2E09-4657-95AA-B69C214DDA91}"
EndProject
Project("{FAE04EC0-301F-11D3-BF4B-00C04F79EFBC}") = "Framework.Persistence.Context", "src\Framework\Infrastructure\Persistence\Framework.Persistence.Context\Framework.Persistence.Context.csproj", "{FBC8D209-9E7C-4623-8D62-141EA1B614F3}"
EndProject
Project("{FAE04EC0-301F-11D3-BF4B-00C04F79EFBC}") = "Framework.Persistence.Shared", "src\Framework\Infrastructure\Persistence\Framework.Persistence.Shared\Framework.Persistence.Shared.csproj", "{D9952B4E-5713-4D3D-A08A-1C82169178C6}"
EndProject
Project("{2150E333-8FDC-42A3-9474-1A3956D46DE8}") = "Presentation", "Presentation", "{B66B130F-FA8C-4E35-9BA2-5102D3FAB97F}"
EndProject
Project("{FAE04EC0-301F-11D3-BF4B-00C04F79EFBC}") = "Framework.Presentation.Shared", "src\Framework\Presentation\Framework.Presentation.Shared\Framework.Presentation.Shared.csproj", "{208B52CD-E35F-40EA-927D-0E2205579868}"
EndProject
Project("{2150E333-8FDC-42A3-9474-1A3956D46DE8}") = "Presentation", "Presentation", "{78E2F691-6454-4EEC-B80F-79FAEA7D00BF}"
EndProject
Project("{FAE04EC0-301F-11D3-BF4B-00C04F79EFBC}") = "WebApp", "src\Presentation\WebApp\WebApp.csproj", "{060FDB75-A26C-4F2E-9569-68F2D9F47268}"
EndProject
Project("{2150E333-8FDC-42A3-9474-1A3956D46DE8}") = "Modules", "Modules", "{AD50B2EA-F9DE-467C-BCF7-C78FE0C67D46}"
EndProject
Project("{2150E333-8FDC-42A3-9474-1A3956D46DE8}") = "IdentityModule", "IdentityModule", "{3DC29992-43C5-4880-85E8-1EF57070EB6F}"
EndProject
Project("{FAE04EC0-301F-11D3-BF4B-00C04F79EFBC}") = "Identity.Domain", "src\Module\IdentityModule\Identity.Domain\Identity.Domain.csproj", "{8FBBD1F5-5E8A-482A-88FF-86A9E71DE79E}"
EndProject
Project("{FAE04EC0-301F-11D3-BF4B-00C04F79EFBC}") = "Identity.Application", "src\Module\IdentityModule\Identity.Application\Identity.Application.csproj", "{4BDEEE8C-592B-425F-8D25-E92037EC2C22}"
EndProject
Project("{FAE04EC0-301F-11D3-BF4B-00C04F79EFBC}") = "Identity.Core", "src\Module\IdentityModule\Identity.Core\Identity.Core.csproj", "{07FDD21C-CFD6-4EBF-9D9F-42B17C274507}"
EndProject
Project("{FAE04EC0-301F-11D3-BF4B-00C04F79EFBC}") = "Identity.DependencyInjection", "src\Module\IdentityModule\Identity.DependencyInjection\Identity.DependencyInjection.csproj", "{FD6B9FE2-A71B-42C4-9BAE-490624C123C7}"
EndProject
Project("{FAE04EC0-301F-11D3-BF4B-00C04F79EFBC}") = "Identity.Infrastructure", "src\Module\IdentityModule\Identity.Infrastructure\Identity.Infrastructure.csproj", "{8334BE71-1E33-4CFC-B301-CA49F24F1DAD}"
EndProject
Project("{FAE04EC0-301F-11D3-BF4B-00C04F79EFBC}") = "Identity.Persistence", "src\Module\IdentityModule\Identity.Persistence\Identity.Persistence.csproj", "{349BCE39-CEC8-41C9-9CDC-0FB69F5B4E85}"
EndProject
Project("{FAE04EC0-301F-11D3-BF4B-00C04F79EFBC}") = "Identity.Presentation", "src\Module\IdentityModule\Identity.Presentation\Identity.Presentation.csproj", "{67866D1C-DFBE-446A-86FF-18A784ECBA68}"
EndProject
Global
	GlobalSection(SolutionConfigurationPlatforms) = preSolution
		Debug|Any CPU = Debug|Any CPU
		Release|Any CPU = Release|Any CPU
	EndGlobalSection
	GlobalSection(ProjectConfigurationPlatforms) = postSolution
		{4E70A57A-F776-423E-B847-8D7846860804}.Debug|Any CPU.ActiveCfg = Debug|Any CPU
		{4E70A57A-F776-423E-B847-8D7846860804}.Debug|Any CPU.Build.0 = Debug|Any CPU
		{4E70A57A-F776-423E-B847-8D7846860804}.Release|Any CPU.ActiveCfg = Release|Any CPU
		{4E70A57A-F776-423E-B847-8D7846860804}.Release|Any CPU.Build.0 = Release|Any CPU
		{0FCD7CB6-A39B-473D-911D-2383A55236EE}.Debug|Any CPU.ActiveCfg = Debug|Any CPU
		{0FCD7CB6-A39B-473D-911D-2383A55236EE}.Debug|Any CPU.Build.0 = Debug|Any CPU
		{0FCD7CB6-A39B-473D-911D-2383A55236EE}.Release|Any CPU.ActiveCfg = Release|Any CPU
		{0FCD7CB6-A39B-473D-911D-2383A55236EE}.Release|Any CPU.Build.0 = Release|Any CPU
		{F7423093-6983-4206-AA91-B8B259A04FF0}.Debug|Any CPU.ActiveCfg = Debug|Any CPU
		{F7423093-6983-4206-AA91-B8B259A04FF0}.Debug|Any CPU.Build.0 = Debug|Any CPU
		{F7423093-6983-4206-AA91-B8B259A04FF0}.Release|Any CPU.ActiveCfg = Release|Any CPU
		{F7423093-6983-4206-AA91-B8B259A04FF0}.Release|Any CPU.Build.0 = Release|Any CPU
		{56EEECAF-4255-465B-8771-5ADE5D73B474}.Debug|Any CPU.ActiveCfg = Debug|Any CPU
		{56EEECAF-4255-465B-8771-5ADE5D73B474}.Debug|Any CPU.Build.0 = Debug|Any CPU
		{56EEECAF-4255-465B-8771-5ADE5D73B474}.Release|Any CPU.ActiveCfg = Release|Any CPU
		{56EEECAF-4255-465B-8771-5ADE5D73B474}.Release|Any CPU.Build.0 = Release|Any CPU
		{494C942C-997C-4311-B3A5-3DD19D412551}.Debug|Any CPU.ActiveCfg = Debug|Any CPU
		{494C942C-997C-4311-B3A5-3DD19D412551}.Debug|Any CPU.Build.0 = Debug|Any CPU
		{494C942C-997C-4311-B3A5-3DD19D412551}.Release|Any CPU.ActiveCfg = Release|Any CPU
		{494C942C-997C-4311-B3A5-3DD19D412551}.Release|Any CPU.Build.0 = Release|Any CPU
		{47ACBC06-3847-4DBA-9349-B29BBDF83DBC}.Debug|Any CPU.ActiveCfg = Debug|Any CPU
		{47ACBC06-3847-4DBA-9349-B29BBDF83DBC}.Debug|Any CPU.Build.0 = Debug|Any CPU
		{47ACBC06-3847-4DBA-9349-B29BBDF83DBC}.Release|Any CPU.ActiveCfg = Release|Any CPU
		{47ACBC06-3847-4DBA-9349-B29BBDF83DBC}.Release|Any CPU.Build.0 = Release|Any CPU
		{D93CD761-5C6A-47F9-A6D5-DC9B52740A57}.Debug|Any CPU.ActiveCfg = Debug|Any CPU
		{D93CD761-5C6A-47F9-A6D5-DC9B52740A57}.Debug|Any CPU.Build.0 = Debug|Any CPU
		{D93CD761-5C6A-47F9-A6D5-DC9B52740A57}.Release|Any CPU.ActiveCfg = Release|Any CPU
		{D93CD761-5C6A-47F9-A6D5-DC9B52740A57}.Release|Any CPU.Build.0 = Release|Any CPU
		{D0CCE9AD-F77E-45A3-928B-A55B815E853E}.Debug|Any CPU.ActiveCfg = Debug|Any CPU
		{D0CCE9AD-F77E-45A3-928B-A55B815E853E}.Debug|Any CPU.Build.0 = Debug|Any CPU
		{D0CCE9AD-F77E-45A3-928B-A55B815E853E}.Release|Any CPU.ActiveCfg = Release|Any CPU
		{D0CCE9AD-F77E-45A3-928B-A55B815E853E}.Release|Any CPU.Build.0 = Release|Any CPU
		{DDC57E99-2E09-4657-95AA-B69C214DDA91}.Debug|Any CPU.ActiveCfg = Debug|Any CPU
		{DDC57E99-2E09-4657-95AA-B69C214DDA91}.Debug|Any CPU.Build.0 = Debug|Any CPU
		{DDC57E99-2E09-4657-95AA-B69C214DDA91}.Release|Any CPU.ActiveCfg = Release|Any CPU
		{DDC57E99-2E09-4657-95AA-B69C214DDA91}.Release|Any CPU.Build.0 = Release|Any CPU
		{FBC8D209-9E7C-4623-8D62-141EA1B614F3}.Debug|Any CPU.ActiveCfg = Debug|Any CPU
		{FBC8D209-9E7C-4623-8D62-141EA1B614F3}.Debug|Any CPU.Build.0 = Debug|Any CPU
		{FBC8D209-9E7C-4623-8D62-141EA1B614F3}.Release|Any CPU.ActiveCfg = Release|Any CPU
		{FBC8D209-9E7C-4623-8D62-141EA1B614F3}.Release|Any CPU.Build.0 = Release|Any CPU
		{D9952B4E-5713-4D3D-A08A-1C82169178C6}.Debug|Any CPU.ActiveCfg = Debug|Any CPU
		{D9952B4E-5713-4D3D-A08A-1C82169178C6}.Debug|Any CPU.Build.0 = Debug|Any CPU
		{D9952B4E-5713-4D3D-A08A-1C82169178C6}.Release|Any CPU.ActiveCfg = Release|Any CPU
		{D9952B4E-5713-4D3D-A08A-1C82169178C6}.Release|Any CPU.Build.0 = Release|Any CPU
		{208B52CD-E35F-40EA-927D-0E2205579868}.Debug|Any CPU.ActiveCfg = Debug|Any CPU
		{208B52CD-E35F-40EA-927D-0E2205579868}.Debug|Any CPU.Build.0 = Debug|Any CPU
		{208B52CD-E35F-40EA-927D-0E2205579868}.Release|Any CPU.ActiveCfg = Release|Any CPU
		{208B52CD-E35F-40EA-927D-0E2205579868}.Release|Any CPU.Build.0 = Release|Any CPU
		{060FDB75-A26C-4F2E-9569-68F2D9F47268}.Debug|Any CPU.ActiveCfg = Debug|Any CPU
		{060FDB75-A26C-4F2E-9569-68F2D9F47268}.Debug|Any CPU.Build.0 = Debug|Any CPU
		{060FDB75-A26C-4F2E-9569-68F2D9F47268}.Release|Any CPU.ActiveCfg = Release|Any CPU
		{060FDB75-A26C-4F2E-9569-68F2D9F47268}.Release|Any CPU.Build.0 = Release|Any CPU
		{8FBBD1F5-5E8A-482A-88FF-86A9E71DE79E}.Debug|Any CPU.ActiveCfg = Debug|Any CPU
		{8FBBD1F5-5E8A-482A-88FF-86A9E71DE79E}.Debug|Any CPU.Build.0 = Debug|Any CPU
		{8FBBD1F5-5E8A-482A-88FF-86A9E71DE79E}.Release|Any CPU.ActiveCfg = Release|Any CPU
		{8FBBD1F5-5E8A-482A-88FF-86A9E71DE79E}.Release|Any CPU.Build.0 = Release|Any CPU
		{4BDEEE8C-592B-425F-8D25-E92037EC2C22}.Debug|Any CPU.ActiveCfg = Debug|Any CPU
		{4BDEEE8C-592B-425F-8D25-E92037EC2C22}.Debug|Any CPU.Build.0 = Debug|Any CPU
		{4BDEEE8C-592B-425F-8D25-E92037EC2C22}.Release|Any CPU.ActiveCfg = Release|Any CPU
		{4BDEEE8C-592B-425F-8D25-E92037EC2C22}.Release|Any CPU.Build.0 = Release|Any CPU
		{07FDD21C-CFD6-4EBF-9D9F-42B17C274507}.Debug|Any CPU.ActiveCfg = Debug|Any CPU
		{07FDD21C-CFD6-4EBF-9D9F-42B17C274507}.Debug|Any CPU.Build.0 = Debug|Any CPU
		{07FDD21C-CFD6-4EBF-9D9F-42B17C274507}.Release|Any CPU.ActiveCfg = Release|Any CPU
		{07FDD21C-CFD6-4EBF-9D9F-42B17C274507}.Release|Any CPU.Build.0 = Release|Any CPU
		{FD6B9FE2-A71B-42C4-9BAE-490624C123C7}.Debug|Any CPU.ActiveCfg = Debug|Any CPU
		{FD6B9FE2-A71B-42C4-9BAE-490624C123C7}.Debug|Any CPU.Build.0 = Debug|Any CPU
		{FD6B9FE2-A71B-42C4-9BAE-490624C123C7}.Release|Any CPU.ActiveCfg = Release|Any CPU
		{FD6B9FE2-A71B-42C4-9BAE-490624C123C7}.Release|Any CPU.Build.0 = Release|Any CPU
		{8334BE71-1E33-4CFC-B301-CA49F24F1DAD}.Debug|Any CPU.ActiveCfg = Debug|Any CPU
		{8334BE71-1E33-4CFC-B301-CA49F24F1DAD}.Debug|Any CPU.Build.0 = Debug|Any CPU
		{8334BE71-1E33-4CFC-B301-CA49F24F1DAD}.Release|Any CPU.ActiveCfg = Release|Any CPU
		{8334BE71-1E33-4CFC-B301-CA49F24F1DAD}.Release|Any CPU.Build.0 = Release|Any CPU
		{349BCE39-CEC8-41C9-9CDC-0FB69F5B4E85}.Debug|Any CPU.ActiveCfg = Debug|Any CPU
		{349BCE39-CEC8-41C9-9CDC-0FB69F5B4E85}.Debug|Any CPU.Build.0 = Debug|Any CPU
		{349BCE39-CEC8-41C9-9CDC-0FB69F5B4E85}.Release|Any CPU.ActiveCfg = Release|Any CPU
		{349BCE39-CEC8-41C9-9CDC-0FB69F5B4E85}.Release|Any CPU.Build.0 = Release|Any CPU
		{67866D1C-DFBE-446A-86FF-18A784ECBA68}.Debug|Any CPU.ActiveCfg = Debug|Any CPU
		{67866D1C-DFBE-446A-86FF-18A784ECBA68}.Debug|Any CPU.Build.0 = Debug|Any CPU
		{67866D1C-DFBE-446A-86FF-18A784ECBA68}.Release|Any CPU.ActiveCfg = Release|Any CPU
		{67866D1C-DFBE-446A-86FF-18A784ECBA68}.Release|Any CPU.Build.0 = Release|Any CPU
	EndGlobalSection
	GlobalSection(SolutionProperties) = preSolution
		HideSolutionNode = FALSE
	EndGlobalSection
	GlobalSection(NestedProjects) = preSolution
		{A1200CA2-A0CE-4E65-882D-7EFAC47867D4} = {6A077071-82D7-4753-92C4-F2AD21E46B71}
		{49EBF688-2EB9-4D9F-AC0C-4A9176593A0E} = {A1200CA2-A0CE-4E65-882D-7EFAC47867D4}
		{4E70A57A-F776-423E-B847-8D7846860804} = {49EBF688-2EB9-4D9F-AC0C-4A9176593A0E}
		{B7A2384C-3F58-4613-BECC-324523B30E7F} = {6A077071-82D7-4753-92C4-F2AD21E46B71}
		{0FCD7CB6-A39B-473D-911D-2383A55236EE} = {B7A2384C-3F58-4613-BECC-324523B30E7F}
		{F7423093-6983-4206-AA91-B8B259A04FF0} = {49EBF688-2EB9-4D9F-AC0C-4A9176593A0E}
		{56EEECAF-4255-465B-8771-5ADE5D73B474} = {49EBF688-2EB9-4D9F-AC0C-4A9176593A0E}
		{0C8A77B2-6714-4548-9884-1D9DB40AEE3C} = {A1200CA2-A0CE-4E65-882D-7EFAC47867D4}
		{494C942C-997C-4311-B3A5-3DD19D412551} = {0C8A77B2-6714-4548-9884-1D9DB40AEE3C}
		{47ACBC06-3847-4DBA-9349-B29BBDF83DBC} = {0C8A77B2-6714-4548-9884-1D9DB40AEE3C}
		{D93CD761-5C6A-47F9-A6D5-DC9B52740A57} = {0C8A77B2-6714-4548-9884-1D9DB40AEE3C}
		{A2AA8669-1C67-4804-A37A-7125D418353C} = {A1200CA2-A0CE-4E65-882D-7EFAC47867D4}
		{88B523B8-26CA-4704-BCC6-8E0E043A8665} = {A2AA8669-1C67-4804-A37A-7125D418353C}
		{D0CCE9AD-F77E-45A3-928B-A55B815E853E} = {A2AA8669-1C67-4804-A37A-7125D418353C}
		{DDC57E99-2E09-4657-95AA-B69C214DDA91} = {88B523B8-26CA-4704-BCC6-8E0E043A8665}
		{FBC8D209-9E7C-4623-8D62-141EA1B614F3} = {88B523B8-26CA-4704-BCC6-8E0E043A8665}
		{D9952B4E-5713-4D3D-A08A-1C82169178C6} = {88B523B8-26CA-4704-BCC6-8E0E043A8665}
		{B66B130F-FA8C-4E35-9BA2-5102D3FAB97F} = {A1200CA2-A0CE-4E65-882D-7EFAC47867D4}
		{208B52CD-E35F-40EA-927D-0E2205579868} = {B66B130F-FA8C-4E35-9BA2-5102D3FAB97F}
		{78E2F691-6454-4EEC-B80F-79FAEA7D00BF} = {6A077071-82D7-4753-92C4-F2AD21E46B71}
		{060FDB75-A26C-4F2E-9569-68F2D9F47268} = {78E2F691-6454-4EEC-B80F-79FAEA7D00BF}
		{AD50B2EA-F9DE-467C-BCF7-C78FE0C67D46} = {6A077071-82D7-4753-92C4-F2AD21E46B71}
		{3DC29992-43C5-4880-85E8-1EF57070EB6F} = {AD50B2EA-F9DE-467C-BCF7-C78FE0C67D46}
		{8FBBD1F5-5E8A-482A-88FF-86A9E71DE79E} = {3DC29992-43C5-4880-85E8-1EF57070EB6F}
		{4BDEEE8C-592B-425F-8D25-E92037EC2C22} = {3DC29992-43C5-4880-85E8-1EF57070EB6F}
		{07FDD21C-CFD6-4EBF-9D9F-42B17C274507} = {3DC29992-43C5-4880-85E8-1EF57070EB6F}
		{FD6B9FE2-A71B-42C4-9BAE-490624C123C7} = {3DC29992-43C5-4880-85E8-1EF57070EB6F}
		{8334BE71-1E33-4CFC-B301-CA49F24F1DAD} = {3DC29992-43C5-4880-85E8-1EF57070EB6F}
		{349BCE39-CEC8-41C9-9CDC-0FB69F5B4E85} = {3DC29992-43C5-4880-85E8-1EF57070EB6F}
		{67866D1C-DFBE-446A-86FF-18A784ECBA68} = {3DC29992-43C5-4880-85E8-1EF57070EB6F}
	EndGlobalSection
	GlobalSection(ExtensibilityGlobals) = postSolution
		SolutionGuid = {E5E7DE86-D3DB-4893-B001-56CECFAB18D5}
	EndGlobalSection
EndGlobal
